
Microsoft Visual Studio Solution File, Format Version 12.00
# Visual Studio Version 16
VisualStudioVersion = 16.0.30517.126
MinimumVisualStudioVersion = 10.0.40219.1
Project("{FAE04EC0-301F-11D3-BF4B-00C04F79EFBC}") = "HashTablesRansomNote", "HashTablesRansomNote\HashTablesRansomNote.csproj", "{C739ABB2-8D3C-449C-8EB5-A015B33C6393}"
EndProject
Global
	GlobalSection(SolutionConfigurationPlatforms) = preSolution
		Debug|Any CPU = Debug|Any CPU
		Release|Any CPU = Release|Any CPU
	EndGlobalSection
	GlobalSection(ProjectConfigurationPlatforms) = postSolution
		{C739ABB2-8D3C-449C-8EB5-A015B33C6393}.Debug|Any CPU.ActiveCfg = Debug|Any CPU
		{C739ABB2-8D3C-449C-8EB5-A015B33C6393}.Debug|Any CPU.Build.0 = Debug|Any CPU
		{C739ABB2-8D3C-449C-8EB5-A015B33C6393}.Release|Any CPU.ActiveCfg = Release|Any CPU
		{C739ABB2-8D3C-449C-8EB5-A015B33C6393}.Release|Any CPU.Build.0 = Release|Any CPU
	EndGlobalSection
	GlobalSection(SolutionProperties) = preSolution
		HideSolutionNode = FALSE
	EndGlobalSection
	GlobalSection(ExtensibilityGlobals) = postSolution
		SolutionGuid = {6824F7FF-1881-4851-AEAA-F7B723197CBE}
	EndGlobalSection
EndGlobal
